
Microsoft Visual Studio Solution File, Format Version 12.00
# Visual Studio Version 17
VisualStudioVersion = 17.7.34202.233
MinimumVisualStudioVersion = 10.0.40219.1
Project("{9A19103F-16F7-4668-BE54-9A1E7A4F7556}") = "PracticaNetCore", "TiposDeVariables\PracticaNetCore.csproj", "{09F66112-ED39-4146-99EF-99991A29C3A5}"
EndProject
Project("{9A19103F-16F7-4668-BE54-9A1E7A4F7556}") = "Ciclos", "Ciclos\Ciclos.csproj", "{F80D7826-B005-4983-8DE4-F78A1F7E3439}"
EndProject
Project("{FAE04EC0-301F-11D3-BF4B-00C04F79EFBC}") = "TrianguloApp", "TrianguloApp\TrianguloApp.csproj", "{ED30A878-4FF4-481A-A27E-F75407EF768C}"
EndProject
Global
	GlobalSection(SolutionConfigurationPlatforms) = preSolution
		Debug|Any CPU = Debug|Any CPU
		Release|Any CPU = Release|Any CPU
	EndGlobalSection
	GlobalSection(ProjectConfigurationPlatforms) = postSolution
		{09F66112-ED39-4146-99EF-99991A29C3A5}.Debug|Any CPU.ActiveCfg = Debug|Any CPU
		{09F66112-ED39-4146-99EF-99991A29C3A5}.Debug|Any CPU.Build.0 = Debug|Any CPU
		{09F66112-ED39-4146-99EF-99991A29C3A5}.Release|Any CPU.ActiveCfg = Release|Any CPU
		{09F66112-ED39-4146-99EF-99991A29C3A5}.Release|Any CPU.Build.0 = Release|Any CPU
		{F80D7826-B005-4983-8DE4-F78A1F7E3439}.Debug|Any CPU.ActiveCfg = Debug|Any CPU
		{F80D7826-B005-4983-8DE4-F78A1F7E3439}.Debug|Any CPU.Build.0 = Debug|Any CPU
		{F80D7826-B005-4983-8DE4-F78A1F7E3439}.Release|Any CPU.ActiveCfg = Release|Any CPU
		{F80D7826-B005-4983-8DE4-F78A1F7E3439}.Release|Any CPU.Build.0 = Release|Any CPU
		{ED30A878-4FF4-481A-A27E-F75407EF768C}.Debug|Any CPU.ActiveCfg = Debug|Any CPU
		{ED30A878-4FF4-481A-A27E-F75407EF768C}.Debug|Any CPU.Build.0 = Debug|Any CPU
		{ED30A878-4FF4-481A-A27E-F75407EF768C}.Release|Any CPU.ActiveCfg = Release|Any CPU
		{ED30A878-4FF4-481A-A27E-F75407EF768C}.Release|Any CPU.Build.0 = Release|Any CPU
	EndGlobalSection
	GlobalSection(SolutionProperties) = preSolution
		HideSolutionNode = FALSE
	EndGlobalSection
	GlobalSection(ExtensibilityGlobals) = postSolution
		SolutionGuid = {B9851989-C45C-4CE4-99F8-9233BB50D760}
	EndGlobalSection
EndGlobal
